
Microsoft Visual Studio Solution File, Format Version 12.00
# Visual Studio Version 17
VisualStudioVersion = 17.4.33110.190
MinimumVisualStudioVersion = 10.0.40219.1
Project("{9A19103F-16F7-4668-BE54-9A1E7A4F7556}") = "BlazorServer-LibrosCRUD", "BlazorServer-LibrosCRUD.csproj", "{1DC734BD-924A-440A-B5EB-583236917BD3}"
EndProject
Global
	GlobalSection(SolutionConfigurationPlatforms) = preSolution
		Debug|Any CPU = Debug|Any CPU
		Release|Any CPU = Release|Any CPU
	EndGlobalSection
	GlobalSection(ProjectConfigurationPlatforms) = postSolution
		{1DC734BD-924A-440A-B5EB-583236917BD3}.Debug|Any CPU.ActiveCfg = Debug|Any CPU
		{1DC734BD-924A-440A-B5EB-583236917BD3}.Debug|Any CPU.Build.0 = Debug|Any CPU
		{1DC734BD-924A-440A-B5EB-583236917BD3}.Release|Any CPU.ActiveCfg = Release|Any CPU
		{1DC734BD-924A-440A-B5EB-583236917BD3}.Release|Any CPU.Build.0 = Release|Any CPU
	EndGlobalSection
	GlobalSection(SolutionProperties) = preSolution
		HideSolutionNode = FALSE
	EndGlobalSection
	GlobalSection(ExtensibilityGlobals) = postSolution
		SolutionGuid = {98ABEBBA-F9B7-487A-BBD0-4B58BA8949A5}
	EndGlobalSection
EndGlobal
